<?xml version="1.0" encoding="utf-8"?>
<Project ToolsVersion="4.0" xmlns="http://schemas.microsoft.com/developer/msbuild/2003">
  <ItemGroup>
    <Filter Include="Source Files">
      <UniqueIdentifier>{4FC737F1-C7A5-4376-A066-2A32D752A2FF}</UniqueIdentifier>
      <Extensions>cpp;c;cc;cxx;c++;cppm;ixx;def;odl;idl;hpj;bat;asm;asmx</Extensions>
    </Filter>
    <Filter Include="Header Files">
      <UniqueIdentifier>{93995380-89BD-4b04-88EB-625FBE52EBFB}</UniqueIdentifier>
      <Extensions>h;hh;hpp;hxx;h++;hm;inl;inc;ipp;xsd</Extensions>
    </Filter>
    <Filter Include="Resource Files">
      <UniqueIdentifier>{67DA6AB6-F800-4c08-8B7A-83BB121AAD01}</UniqueIdentifier>
      <Extensions>rc;ico;cur;bmp;dlg;rc2;rct;bin;rgs;gif;jpg;jpeg;jpe;resx;tiff;tif;png;wav;mfcribbon-ms</Extensions>
    </Filter>
    <Filter Include="Shaders">
      <UniqueIdentifier>{f6415e8c-461d-4753-ab09-6496f229a28b}</UniqueIdentifier>
    </Filter>
    <Filter Include="Header Files\Render">
      <UniqueIdentifier>{8390f2da-a089-4d24-b68d-6010a960523e}</UniqueIdentifier>
    </Filter>
    <Filter Include="Source Files\Render">
      <UniqueIdentifier>{a3b93bc5-3d6d-4f90-9093-89c14383b107}</UniqueIdentifier>
    </Filter>
    <Filter Include="Header Files\System">
      <UniqueIdentifier>{787d183a-6878-4ebc-a332-af3ad547fe06}</UniqueIdentifier>
    </Filter>
    <Filter Include="Source Files\System">
      <UniqueIdentifier>{28064c0f-3651-47e2-b4f2-265612e2ea81}</UniqueIdentifier>
    </Filter>
    <Filter Include="Source Files\Render\Shader">
      <UniqueIdentifier>{c1088592-ba12-4f50-b8c6-a386837a6764}</UniqueIdentifier>
    </Filter>
    <Filter Include="Header Files\Render\Shader">
      <UniqueIdentifier>{e696da7e-cbb2-4c15-9441-bb7f93d361ca}</UniqueIdentifier>
    </Filter>
    <Filter Include="Shaders\Screen">
      <UniqueIdentifier>{65182261-f8cc-4bd0-974f-4c96e97a43b4}</UniqueIdentifier>
    </Filter>
    <Filter Include="Source Files\ECS">
      <UniqueIdentifier>{8a8451ae-23a2-4385-b65b-1a2c099b3e6d}</UniqueIdentifier>
    </Filter>
    <Filter Include="Source Files\ECS\Physic">
      <UniqueIdentifier>{b0f30948-ea6b-4acb-823e-935ba79199d7}</UniqueIdentifier>
    </Filter>
    <Filter Include="Source Files\ECS\Physic\Collision">
      <UniqueIdentifier>{c2c330c7-3b64-473b-8b97-0967ae4eae69}</UniqueIdentifier>
    </Filter>
    <Filter Include="Source Files\Structures">
      <UniqueIdentifier>{45a7ed5a-a730-4236-9f2c-1aa054dd1e65}</UniqueIdentifier>
    </Filter>
    <Filter Include="Source Files\ECS\Render">
      <UniqueIdentifier>{a207dcf0-d2ea-483a-8359-374c8b3d535b}</UniqueIdentifier>
    </Filter>
    <Filter Include="Header Files\EcsBase">
      <UniqueIdentifier>{2baed449-0c4b-4cd9-9748-e2f86b0424a2}</UniqueIdentifier>
    </Filter>
  </ItemGroup>
  <ItemGroup>
    <ClInclude Include="cameraclass.h">
      <Filter>Header Files\Render</Filter>
    </ClInclude>
    <ClInclude Include="textureclass.h">
      <Filter>Header Files\Render</Filter>
    </ClInclude>
    <ClInclude Include="pointlightclass.h">
      <Filter>Header Files\Render</Filter>
    </ClInclude>
    <ClInclude Include="modelclass.h">
      <Filter>Header Files\Render</Filter>
    </ClInclude>
    <ClInclude Include="lightclass.h">
      <Filter>Header Files\Render</Filter>
    </ClInclude>
    <ClInclude Include="inputclass.h">
      <Filter>Header Files\System</Filter>
    </ClInclude>
    <ClInclude Include="systemclass.h">
      <Filter>Header Files\System</Filter>
    </ClInclude>
    <ClInclude Include="Resource.h">
      <Filter>Header Files\System</Filter>
    </ClInclude>
    <ClInclude Include="targetver.h">
      <Filter>Header Files\System</Filter>
    </ClInclude>
    <ClInclude Include="parkour.h">
      <Filter>Header Files\System</Filter>
    </ClInclude>
    <ClInclude Include="framework.h">
      <Filter>Header Files\System</Filter>
    </ClInclude>
    <ClInclude Include="d3dclass.h">
      <Filter>Header Files\System</Filter>
    </ClInclude>
    <ClInclude Include="bitmapclass.h">
      <Filter>Header Files\Render</Filter>
    </ClInclude>
    <ClInclude Include="shaderclass.h">
      <Filter>Header Files\Render\Shader</Filter>
    </ClInclude>
    <ClInclude Include="uishaderclass.h">
      <Filter>Header Files\Render\Shader</Filter>
    </ClInclude>
    <ClInclude Include="shadermanagerclass.h">
      <Filter>Header Files\Render</Filter>
    </ClInclude>
    <ClInclude Include="component.h">
      <Filter>Header Files\EcsBase</Filter>
    </ClInclude>
    <ClInclude Include="entity.h">
      <Filter>Header Files\EcsBase</Filter>
    </ClInclude>
    <ClInclude Include="system.h">
      <Filter>Header Files\EcsBase</Filter>
    </ClInclude>
    <ClInclude Include="world.h">
      <Filter>Header Files\EcsBase</Filter>
    </ClInclude>
    <ClInclude Include="LevelManagerClass.h">
      <Filter>Header Files</Filter>
    </ClInclude>
  </ItemGroup>
  <ItemGroup>
    <ClCompile Include="cameraclass.cpp">
      <Filter>Source Files\Render</Filter>
    </ClCompile>
    <ClCompile Include="lightclass.cpp">
      <Filter>Source Files\Render</Filter>
    </ClCompile>
    <ClCompile Include="modelclass.cpp">
      <Filter>Source Files\Render</Filter>
    </ClCompile>
    <ClCompile Include="pointlight.cpp">
      <Filter>Source Files\Render</Filter>
    </ClCompile>
    <ClCompile Include="textureclass.cpp">
      <Filter>Source Files\Render</Filter>
    </ClCompile>
    <ClCompile Include="d3dclass.cpp">
      <Filter>Source Files\System</Filter>
    </ClCompile>
    <ClCompile Include="inputclass.cpp">
      <Filter>Source Files\System</Filter>
    </ClCompile>
    <ClCompile Include="main.cpp">
      <Filter>Source Files\System</Filter>
    </ClCompile>
    <ClCompile Include="parkour.cpp">
      <Filter>Source Files\System</Filter>
    </ClCompile>
    <ClCompile Include="systemclass.cpp">
      <Filter>Source Files\System</Filter>
    </ClCompile>
    <ClCompile Include="bitmapclass.cpp">
      <Filter>Source Files\Render</Filter>
    </ClCompile>
    <ClCompile Include="shaderclass.cpp">
      <Filter>Source Files\Render\Shader</Filter>
    </ClCompile>
    <ClCompile Include="uishaderclass.cpp">
      <Filter>Source Files\Render\Shader</Filter>
    </ClCompile>
    <ClCompile Include="shadermanagerclass.cpp">
      <Filter>Source Files\Render</Filter>
    </ClCompile>
    <ClCompile Include="Transform.cpp">
      <Filter>Source Files\ECS</Filter>
    </ClCompile>
    <ClCompile Include="PhysicBody.cpp">
      <Filter>Source Files\ECS\Physic</Filter>
    </ClCompile>
    <ClCompile Include="SphereCollider.cpp">
      <Filter>Source Files\ECS\Physic\Collision</Filter>
    </ClCompile>
    <ClCompile Include="PlaneCollider.cpp">
      <Filter>Source Files\ECS\Physic\Collision</Filter>
    </ClCompile>
    <ClCompile Include="Entity.cpp">
      <Filter>Source Files\ECS</Filter>
    </ClCompile>
    <ClCompile Include="World.cpp">
      <Filter>Source Files\ECS</Filter>
    </ClCompile>
    <ClCompile Include="PhysicSystem.cpp">
      <Filter>Source Files\ECS\Physic</Filter>
    </ClCompile>
    <ClCompile Include="vec3.cpp">
      <Filter>Source Files\Structures</Filter>
    </ClCompile>
    <ClCompile Include="LevelManagerClass.cpp">
      <Filter>Source Files</Filter>
    </ClCompile>
    <ClCompile Include="Mesh.cpp">
      <Filter>Source Files\ECS\Render</Filter>
    </ClCompile>
    <ClCompile Include="MeshRenderSystem.cpp">
      <Filter>Source Files\ECS\Render</Filter>
    </ClCompile>
  </ItemGroup>
  <ItemGroup>
    <ResourceCompile Include="parkour.rc">
      <Filter>Resource Files</Filter>
    </ResourceCompile>
  </ItemGroup>
  <ItemGroup>
    <Image Include="small.ico">
      <Filter>Resource Files</Filter>
    </Image>
    <Image Include="parkour.ico">
      <Filter>Resource Files</Filter>
    </Image>
  </ItemGroup>
  <ItemGroup>
    <FxCompile Include="VertexShader.hlsl">
      <Filter>Shaders</Filter>
    </FxCompile>
    <FxCompile Include="PixelShader.hlsl">
      <Filter>Shaders</Filter>
    </FxCompile>
    <FxCompile Include="ScreenVertexShader.hlsl">
      <Filter>Shaders\Screen</Filter>
    </FxCompile>
    <FxCompile Include="ScreenPixelShader.hlsl">
      <Filter>Shaders\Screen</Filter>
    </FxCompile>
  </ItemGroup>
  <ItemGroup>
    <Text Include="..\CMakeLists.txt" />
  </ItemGroup>
</Project>